// !$*UTF8*$!
{
	archiveVersion = 1;
	classes = {
	};
	objectVersion = 77;
	objects = {

/* Begin PBXContainerItemProxy section */
		AD88BA952E72020F00188ECA /* PBXContainerItemProxy */ = {
			isa = PBXContainerItemProxy;
			containerPortal = AD88BA7C2E72020D00188ECA /* Project object */;
			proxyType = 1;
			remoteGlobalIDString = AD88BA832E72020D00188ECA;
			remoteInfo = HesapMakinesi;
		};
		AD88BA9F2E72020F00188ECA /* PBXContainerItemProxy */ = {
			isa = PBXContainerItemProxy;
			containerPortal = AD88BA7C2E72020D00188ECA /* Project object */;
			proxyType = 1;
			remoteGlobalIDString = AD88BA832E72020D00188ECA;
			remoteInfo = HesapMakinesi;
		};
/* End PBXContainerItemProxy section */

/* Begin PBXFileReference section */
		AD88BA842E72020D00188ECA /* HesapMakinesi.app */ = {isa = PBXFileReference; explicitFileType = wrapper.application; includeInIndex = 0; path = HesapMakinesi.app; sourceTree = BUILT_PRODUCTS_DIR; };
		AD88BA942E72020F00188ECA /* HesapMakinesiTests.xctest */ = {isa = PBXFileReference; explicitFileType = wrapper.cfbundle; includeInIndex = 0; path = HesapMakinesiTests.xctest; sourceTree = BUILT_PRODUCTS_DIR; };
		AD88BA9E2E72020F00188ECA /* HesapMakinesiUITests.xctest */ = {isa = PBXFileReference; explicitFileType = wrapper.cfbundle; includeInIndex = 0; path = HesapMakinesiUITests.xctest; sourceTree = BUILT_PRODUCTS_DIR; };
/* End PBXFileReference section */

/* Begin PBXFileSystemSynchronizedRootGroup section */
		AD88BA862E72020D00188ECA /* HesapMakinesi */ = {
			isa = PBXFileSystemSynchronizedRootGroup;
			path = HesapMakinesi;
			sourceTree = "<group>";
		};
		AD88BA972E72020F00188ECA /* HesapMakinesiTests */ = {
			isa = PBXFileSystemSynchronizedRootGroup;
			path = HesapMakinesiTests;
			sourceTree = "<group>";
		};
		AD88BAA12E72020F00188ECA /* HesapMakinesiUITests */ = {
			isa = PBXFileSystemSynchronizedRootGroup;
			path = HesapMakinesiUITests;
			sourceTree = "<group>";
		};
/* End PBXFileSystemSynchronizedRootGroup section */

/* Begin PBXFrameworksBuildPhase section */
		AD88BA812E72020D00188ECA /* Frameworks */ = {
			isa = PBXFrameworksBuildPhase;
			buildActionMask = 2147483647;
			files = (
			);
			runOnlyForDeploymentPostprocessing = 0;
		};
		AD88BA912E72020F00188ECA /* Frameworks */ = {
			isa = PBXFrameworksBuildPhase;
			buildActionMask = 2147483647;
			files = (
			);
			runOnlyForDeploymentPostprocessing = 0;
		};
		AD88BA9B2E72020F00188ECA /* Frameworks */ = {
			isa = PBXFrameworksBuildPhase;
			buildActionMask = 2147483647;
			files = (
			);
			runOnlyForDeploymentPostprocessing = 0;
		};
/* End PBXFrameworksBuildPhase section */

/* Begin PBXGroup section */
		AD88BA7B2E72020D00188ECA = {
			isa = PBXGroup;
			children = (
				AD88BA862E72020D00188ECA /* HesapMakinesi */,
				AD88BA972E72020F00188ECA /* HesapMakinesiTests */,
				AD88BAA12E72020F00188ECA /* HesapMakinesiUITests */,
				AD88BA852E72020D00188ECA /* Products */,
			);
			sourceTree = "<group>";
		};
		AD88BA852E72020D00188ECA /* Products */ = {
			isa = PBXGroup;
			children = (
				AD88BA842E72020D00188ECA /* HesapMakinesi.app */,
				AD88BA942E72020F00188ECA /* HesapMakinesiTests.xctest */,
				AD88BA9E2E72020F00188ECA /* HesapMakinesiUITests.xctest */,
			);
			name = Products;
			sourceTree = "<group>";
		};
/* End PBXGroup section */

/* Begin PBXNativeTarget section */
		AD88BA832E72020D00188ECA /* HesapMakinesi */ = {
			isa = PBXNativeTarget;
			buildConfigurationList = AD88BAA82E72020F00188ECA /* Build configuration list for PBXNativeTarget "HesapMakinesi" */;
			buildPhases = (
				AD88BA802E72020D00188ECA /* Sources */,
				AD88BA812E72020D00188ECA /* Frameworks */,
				AD88BA822E72020D00188ECA /* Resources */,
			);
			buildRules = (
			);
			dependencies = (
			);
			fileSystemSynchronizedGroups = (
				AD88BA862E72020D00188ECA /* HesapMakinesi */,
			);
			name = HesapMakinesi;
			packageProductDependencies = (
			);
			productName = HesapMakinesi;
			productReference = AD88BA842E72020D00188ECA /* HesapMakinesi.app */;
			productType = "com.apple.product-type.application";
		};
		AD88BA932E72020F00188ECA /* HesapMakinesiTests */ = {
			isa = PBXNativeTarget;
			buildConfigurationList = AD88BAAB2E72020F00188ECA /* Build configuration list for PBXNativeTarget "HesapMakinesiTests" */;
			buildPhases = (
				AD88BA902E72020F00188ECA /* Sources */,
				AD88BA912E72020F00188ECA /* Frameworks */,
				AD88BA922E72020F00188ECA /* Resources */,
			);
			buildRules = (
			);
			dependencies = (
				AD88BA962E72020F00188ECA /* PBXTargetDependency */,
			);
			fileSystemSynchronizedGroups = (
				AD88BA972E72020F00188ECA /* HesapMakinesiTests */,
			);
			name = HesapMakinesiTests;
			packageProductDependencies = (
			);
			productName = HesapMakinesiTests;
			productReference = AD88BA942E72020F00188ECA /* HesapMakinesiTests.xctest */;
			productType = "com.apple.product-type.bundle.unit-test";
		};
		AD88BA9D2E72020F00188ECA /* HesapMakinesiUITests */ = {
			isa = PBXNativeTarget;
			buildConfigurationList = AD88BAAE2E72020F00188ECA /* Build configuration list for PBXNativeTarget "HesapMakinesiUITests" */;
			buildPhases = (
				AD88BA9A2E72020F00188ECA /* Sources */,
				AD88BA9B2E72020F00188ECA /* Frameworks */,
				AD88BA9C2E72020F00188ECA /* Resources */,
			);
			buildRules = (
			);
			dependencies = (
				AD88BAA02E72020F00188ECA /* PBXTargetDependency */,
			);
			fileSystemSynchronizedGroups = (
				AD88BAA12E72020F00188ECA /* HesapMakinesiUITests */,
			);
			name = HesapMakinesiUITests;
			packageProductDependencies = (
			);
			productName = HesapMakinesiUITests;
			productReference = AD88BA9E2E72020F00188ECA /* HesapMakinesiUITests.xctest */;
			productType = "com.apple.product-type.bundle.ui-testing";
		};
/* End PBXNativeTarget section */

/* Begin PBXProject section */
		AD88BA7C2E72020D00188ECA /* Project object */ = {
			isa = PBXProject;
			attributes = {
				BuildIndependentTargetsInParallel = 1;
				LastSwiftUpdateCheck = 1620;
				LastUpgradeCheck = 1620;
				TargetAttributes = {
					AD88BA832E72020D00188ECA = {
						CreatedOnToolsVersion = 16.2;
					};
					AD88BA932E72020F00188ECA = {
						CreatedOnToolsVersion = 16.2;
						TestTargetID = AD88BA832E72020D00188ECA;
					};
					AD88BA9D2E72020F00188ECA = {
						CreatedOnToolsVersion = 16.2;
						TestTargetID = AD88BA832E72020D00188ECA;
					};
				};
			};
			buildConfigurationList = AD88BA7F2E72020D00188ECA /* Build configuration list for PBXProject "HesapMakinesi" */;
			developmentRegion = en;
			hasScannedForEncodings = 0;
			knownRegions = (
				en,
				Base,
			);
			mainGroup = AD88BA7B2E72020D00188ECA;
			minimizedProjectReferenceProxies = 1;
			preferredProjectObjectVersion = 77;
			productRefGroup = AD88BA852E72020D00188ECA /* Products */;
			projectDirPath = "";
			projectRoot = "";
			targets = (
				AD88BA832E72020D00188ECA /* HesapMakinesi */,
				AD88BA932E72020F00188ECA /* HesapMakinesiTests */,
				AD88BA9D2E72020F00188ECA /* HesapMakinesiUITests */,
			);
		};
/* End PBXProject section */

/* Begin PBXResourcesBuildPhase section */
		AD88BA822E72020D00188ECA /* Resources */ = {
			isa = PBXResourcesBuildPhase;
			buildActionMask = 2147483647;
			files = (
			);
			runOnlyForDeploymentPostprocessing = 0;
		};
		AD88BA922E72020F00188ECA /* Resources */ = {
			isa = PBXResourcesBuildPhase;
			buildActionMask = 2147483647;
			files = (
			);
			runOnlyForDeploymentPostprocessing = 0;
		};
		AD88BA9C2E72020F00188ECA /* Resources */ = {
			isa = PBXResourcesBuildPhase;
			buildActionMask = 2147483647;
			files = (
			);
			runOnlyForDeploymentPostprocessing = 0;
		};
/* End PBXResourcesBuildPhase section */

/* Begin PBXSourcesBuildPhase section */
		AD88BA802E72020D00188ECA /* Sources */ = {
			isa = PBXSourcesBuildPhase;
			buildActionMask = 2147483647;
			files = (
			);
			runOnlyForDeploymentPostprocessing = 0;
		};
		AD88BA902E72020F00188ECA /* Sources */ = {
			isa = PBXSourcesBuildPhase;
			buildActionMask = 2147483647;
			files = (
			);
			runOnlyForDeploymentPostprocessing = 0;
		};
		AD88BA9A2E72020F00188ECA /* Sources */ = {
			isa = PBXSourcesBuildPhase;
			buildActionMask = 2147483647;
			files = (
			);
			runOnlyForDeploymentPostprocessing = 0;
		};
/* End PBXSourcesBuildPhase section */

/* Begin PBXTargetDependency section */
		AD88BA962E72020F00188ECA /* PBXTargetDependency */ = {
			isa = PBXTargetDependency;
			target = AD88BA832E72020D00188ECA /* HesapMakinesi */;
			targetProxy = AD88BA952E72020F00188ECA /* PBXContainerItemProxy */;
		};
		AD88BAA02E72020F00188ECA /* PBXTargetDependency */ = {
			isa = PBXTargetDependency;
			target = AD88BA832E72020D00188ECA /* HesapMakinesi */;
			targetProxy = AD88BA9F2E72020F00188ECA /* PBXContainerItemProxy */;
		};
/* End PBXTargetDependency section */

/* Begin XCBuildConfiguration section */
		AD88BAA62E72020F00188ECA /* Debug */ = {
			isa = XCBuildConfiguration;
			buildSettings = {
				ALWAYS_SEARCH_USER_PATHS = NO;
				ASSETCATALOG_COMPILER_GENERATE_SWIFT_ASSET_SYMBOL_EXTENSIONS = YES;
				CLANG_ANALYZER_NONNULL = YES;
				CLANG_ANALYZER_NUMBER_OBJECT_CONVERSION = YES_AGGRESSIVE;
				CLANG_CXX_LANGUAGE_STANDARD = "gnu++20";
				CLANG_ENABLE_MODULES = YES;
				CLANG_ENABLE_OBJC_ARC = YES;
				CLANG_ENABLE_OBJC_WEAK = YES;
				CLANG_WARN_BLOCK_CAPTURE_AUTORELEASING = YES;
				CLANG_WARN_BOOL_CONVERSION = YES;
				CLANG_WARN_COMMA = YES;
				CLANG_WARN_CONSTANT_CONVERSION = YES;
				CLANG_WARN_DEPRECATED_OBJC_IMPLEMENTATIONS = YES;
				CLANG_WARN_DIRECT_OBJC_ISA_USAGE = YES_ERROR;
				CLANG_WARN_DOCUMENTATION_COMMENTS = YES;
				CLANG_WARN_EMPTY_BODY = YES;
				CLANG_WARN_ENUM_CONVERSION = YES;
				CLANG_WARN_INFINITE_RECURSION = YES;
				CLANG_WARN_INT_CONVERSION = YES;
				CLANG_WARN_NON_LITERAL_NULL_CONVERSION = YES;
				CLANG_WARN_OBJC_IMPLICIT_RETAIN_SELF = YES;
				CLANG_WARN_OBJC_LITERAL_CONVERSION = YES;
				CLANG_WARN_OBJC_ROOT_CLASS = YES_ERROR;
				CLANG_WARN_QUOTED_INCLUDE_IN_FRAMEWORK_HEADER = YES;
				CLANG_WARN_RANGE_LOOP_ANALYSIS = YES;
				CLANG_WARN_STRICT_PROTOTYPES = YES;
				CLANG_WARN_SUSPICIOUS_MOVE = YES;
				CLANG_WARN_UNGUARDED_AVAILABILITY = YES_AGGRESSIVE;
				CLANG_WARN_UNREACHABLE_CODE = YES;
				CLANG_WARN__DUPLICATE_METHOD_MATCH = YES;
				COPY_PHASE_STRIP = NO;
				DEBUG_INFORMATION_FORMAT = dwarf;
				ENABLE_STRICT_OBJC_MSGSEND = YES;
				ENABLE_TESTABILITY = YES;
				ENABLE_USER_SCRIPT_SANDBOXING = YES;
				GCC_C_LANGUAGE_STANDARD = gnu17;
				GCC_DYNAMIC_NO_PIC = NO;
				GCC_NO_COMMON_BLOCKS = YES;
				GCC_OPTIMIZATION_LEVEL = 0;
				GCC_PREPROCESSOR_DEFINITIONS = (
					"DEBUG=1",
					"$(inherited)",
				);
				GCC_WARN_64_TO_32_BIT_CONVERSION = YES;
				GCC_WARN_ABOUT_RETURN_TYPE = YES_ERROR;
				GCC_WARN_UNDECLARED_SELECTOR = YES;
				GCC_WARN_UNINITIALIZED_AUTOS = YES_AGGRESSIVE;
				GCC_WARN_UNUSED_FUNCTION = YES;
				GCC_WARN_UNUSED_VARIABLE = YES;
				IPHONEOS_DEPLOYMENT_TARGET = 18.2;
				LOCALIZATION_PREFERS_STRING_CATALOGS = YES;
				MTL_ENABLE_DEBUG_INFO = INCLUDE_SOURCE;
				MTL_FAST_MATH = YES;
				ONLY_ACTIVE_ARCH = YES;
				SDKROOT = iphoneos;
				SWIFT_ACTIVE_COMPILATION_CONDITIONS = "DEBUG $(inherited)";
				SWIFT_OPTIMIZATION_LEVEL = "-Onone";
			};
			name = Debug;
		};
		AD88BAA72E72020F00188ECA /* Release */ = {
			isa = XCBuildConfiguration;
			buildSettings = {
				ALWAYS_SEARCH_USER_PATHS = NO;
				ASSETCATALOG_COMPILER_GENERATE_SWIFT_ASSET_SYMBOL_EXTENSIONS = YES;
				CLANG_ANALYZER_NONNULL = YES;
				CLANG_ANALYZER_NUMBER_OBJECT_CONVERSION = YES_AGGRESSIVE;
				CLANG_CXX_LANGUAGE_STANDARD = "gnu++20";
				CLANG_ENABLE_MODULES = YES;
				CLANG_ENABLE_OBJC_ARC = YES;
				CLANG_ENABLE_OBJC_WEAK = YES;
				CLANG_WARN_BLOCK_CAPTURE_AUTORELEASING = YES;
				CLANG_WARN_BOOL_CONVERSION = YES;
				CLANG_WARN_COMMA = YES;
				CLANG_WARN_CONSTANT_CONVERSION = YES;
				CLANG_WARN_DEPRECATED_OBJC_IMPLEMENTATIONS = YES;
				CLANG_WARN_DIRECT_OBJC_ISA_USAGE = YES_ERROR;
				CLANG_WARN_DOCUMENTATION_COMMENTS = YES;
				CLANG_WARN_EMPTY_BODY = YES;
				CLANG_WARN_ENUM_CONVERSION = YES;
				CLANG_WARN_INFINITE_RECURSION = YES;
				CLANG_WARN_INT_CONVERSION = YES;
				CLANG_WARN_NON_LITERAL_NULL_CONVERSION = YES;
				CLANG_WARN_OBJC_IMPLICIT_RETAIN_SELF = YES;
				CLANG_WARN_OBJC_LITERAL_CONVERSION = YES;
				CLANG_WARN_OBJC_ROOT_CLASS = YES_ERROR;
				CLANG_WARN_QUOTED_INCLUDE_IN_FRAMEWORK_HEADER = YES;
				CLANG_WARN_RANGE_LOOP_ANALYSIS = YES;
				CLANG_WARN_STRICT_PROTOTYPES = YES;
				CLANG_WARN_SUSPICIOUS_MOVE = YES;
				CLANG_WARN_UNGUARDED_AVAILABILITY = YES_AGGRESSIVE;
				CLANG_WARN_UNREACHABLE_CODE = YES;
				CLANG_WARN__DUPLICATE_METHOD_MATCH = YES;
				COPY_PHASE_STRIP = NO;
				DEBUG_INFORMATION_FORMAT = "dwarf-with-dsym";
				ENABLE_NS_ASSERTIONS = NO;
				ENABLE_STRICT_OBJC_MSGSEND = YES;
				ENABLE_USER_SCRIPT_SANDBOXING = YES;
				GCC_C_LANGUAGE_STANDARD = gnu17;
				GCC_NO_COMMON_BLOCKS = YES;
				GCC_WARN_64_TO_32_BIT_CONVERSION = YES;
				GCC_WARN_ABOUT_RETURN_TYPE = YES_ERROR;
				GCC_WARN_UNDECLARED_SELECTOR = YES;
				GCC_WARN_UNINITIALIZED_AUTOS = YES_AGGRESSIVE;
				GCC_WARN_UNUSED_FUNCTION = YES;
				GCC_WARN_UNUSED_VARIABLE = YES;
				IPHONEOS_DEPLOYMENT_TARGET = 18.2;
				LOCALIZATION_PREFERS_STRING_CATALOGS = YES;
				MTL_ENABLE_DEBUG_INFO = NO;
				MTL_FAST_MATH = YES;
				SDKROOT = iphoneos;
				SWIFT_COMPILATION_MODE = wholemodule;
				VALIDATE_PRODUCT = YES;
			};
			name = Release;
		};
		AD88BAA92E72020F00188ECA /* Debug */ = {
			isa = XCBuildConfiguration;
			buildSettings = {
				ASSETCATALOG_COMPILER_APPICON_NAME = AppIcon;
				ASSETCATALOG_COMPILER_GLOBAL_ACCENT_COLOR_NAME = AccentColor;
				CODE_SIGN_STYLE = Automatic;
				CURRENT_PROJECT_VERSION = 1;
				DEVELOPMENT_ASSET_PATHS = "\"HesapMakinesi/Preview Content\"";
				DEVELOPMENT_TEAM = PPAZ3UN7PA;
				ENABLE_PREVIEWS = YES;
				GENERATE_INFOPLIST_FILE = YES;
				INFOPLIST_KEY_UIApplicationSceneManifest_Generation = YES;
				INFOPLIST_KEY_UIApplicationSupportsIndirectInputEvents = YES;
				INFOPLIST_KEY_UILaunchScreen_Generation = YES;
				INFOPLIST_KEY_UISupportedInterfaceOrientations_iPad = "UIInterfaceOrientationPortrait UIInterfaceOrientationPortraitUpsideDown UIInterfaceOrientationLandscapeLeft UIInterfaceOrientationLandscapeRight";
				INFOPLIST_KEY_UISupportedInterfaceOrientations_iPhone = "UIInterfaceOrientationPortrait UIInterfaceOrientationLandscapeLeft UIInterfaceOrientationLandscapeRight";
				LD_RUNPATH_SEARCH_PATHS = (
					"$(inherited)",
					"@executable_path/Frameworks",
				);
				MARKETING_VERSION = 1.0;
				PRODUCT_BUNDLE_IDENTIFIER = com.ardacakmak.HesapMakinesi;
				PRODUCT_NAME = "$(TARGET_NAME)";
				SWIFT_EMIT_LOC_STRINGS = YES;
				SWIFT_VERSION = 5.0;
				TARGETED_DEVICE_FAMILY = "1,2";
			};
			name = Debug;
		};
		AD88BAAA2E72020F00188ECA /* Release */ = {
			isa = XCBuildConfiguration;
			buildSettings = {
				ASSETCATALOG_COMPILER_APPICON_NAME = AppIcon;
				ASSETCATALOG_COMPILER_GLOBAL_ACCENT_COLOR_NAME = AccentColor;
				CODE_SIGN_STYLE = Automatic;
				CURRENT_PROJECT_VERSION = 1;
				DEVELOPMENT_ASSET_PATHS = "\"HesapMakinesi/Preview Content\"";
				DEVELOPMENT_TEAM = PPAZ3UN7PA;
				ENABLE_PREVIEWS = YES;
				GENERATE_INFOPLIST_FILE = YES;
				INFOPLIST_KEY_UIApplicationSceneManifest_Generation = YES;
				INFOPLIST_KEY_UIApplicationSupportsIndirectInputEvents = YES;
				INFOPLIST_KEY_UILaunchScreen_Generation = YES;
				INFOPLIST_KEY_UISupportedInterfaceOrientations_iPad = "UIInterfaceOrientationPortrait UIInterfaceOrientationPortraitUpsideDown UIInterfaceOrientationLandscapeLeft UIInterfaceOrientationLandscapeRight";
				INFOPLIST_KEY_UISupportedInterfaceOrientations_iPhone = "UIInterfaceOrientationPortrait UIInterfaceOrientationLandscapeLeft UIInterfaceOrientationLandscapeRight";
				LD_RUNPATH_SEARCH_PATHS = (
					"$(inherited)",
					"@executable_path/Frameworks",
				);
				MARKETING_VERSION = 1.0;
				PRODUCT_BUNDLE_IDENTIFIER = com.ardacakmak.HesapMakinesi;
				PRODUCT_NAME = "$(TARGET_NAME)";
				SWIFT_EMIT_LOC_STRINGS = YES;
				SWIFT_VERSION = 5.0;
				TARGETED_DEVICE_FAMILY = "1,2";
			};
			name = Release;
		};
		AD88BAAC2E72020F00188ECA /* Debug */ = {
			isa = XCBuildConfiguration;
			buildSettings = {
				BUNDLE_LOADER = "$(TEST_HOST)";
				CODE_SIGN_STYLE = Automatic;
				CURRENT_PROJECT_VERSION = 1;
				DEVELOPMENT_TEAM = PPAZ3UN7PA;
				GENERATE_INFOPLIST_FILE = YES;
				IPHONEOS_DEPLOYMENT_TARGET = 18.2;
				MARKETING_VERSION = 1.0;
				PRODUCT_BUNDLE_IDENTIFIER = com.ardacakmak.HesapMakinesiTests;
				PRODUCT_NAME = "$(TARGET_NAME)";
				SWIFT_EMIT_LOC_STRINGS = NO;
				SWIFT_VERSION = 5.0;
				TARGETED_DEVICE_FAMILY = "1,2";
				TEST_HOST = "$(BUILT_PRODUCTS_DIR)/HesapMakinesi.app/$(BUNDLE_EXECUTABLE_FOLDER_PATH)/HesapMakinesi";
			};
			name = Debug;
		};
		AD88BAAD2E72020F00188ECA /* Release */ = {
			isa = XCBuildConfiguration;
			buildSettings = {
				BUNDLE_LOADER = "$(TEST_HOST)";
				CODE_SIGN_STYLE = Automatic;
				CURRENT_PROJECT_VERSION = 1;
				DEVELOPMENT_TEAM = PPAZ3UN7PA;
				GENERATE_INFOPLIST_FILE = YES;
				IPHONEOS_DEPLOYMENT_TARGET = 18.2;
				MARKETING_VERSION = 1.0;
				PRODUCT_BUNDLE_IDENTIFIER = com.ardacakmak.HesapMakinesiTests;
				PRODUCT_NAME = "$(TARGET_NAME)";
				SWIFT_EMIT_LOC_STRINGS = NO;
				SWIFT_VERSION = 5.0;
				TARGETED_DEVICE_FAMILY = "1,2";
				TEST_HOST = "$(BUILT_PRODUCTS_DIR)/HesapMakinesi.app/$(BUNDLE_EXECUTABLE_FOLDER_PATH)/HesapMakinesi";
			};
			name = Release;
		};
		AD88BAAF2E72020F00188ECA /* Debug */ = {
			isa = XCBuildConfiguration;
			buildSettings = {
				CODE_SIGN_STYLE = Automatic;
				CURRENT_PROJECT_VERSION = 1;
				DEVELOPMENT_TEAM = PPAZ3UN7PA;
				GENERATE_INFOPLIST_FILE = YES;
				MARKETING_VERSION = 1.0;
				PRODUCT_BUNDLE_IDENTIFIER = com.ardacakmak.HesapMakinesiUITests;
				PRODUCT_NAME = "$(TARGET_NAME)";
				SWIFT_EMIT_LOC_STRINGS = NO;
				SWIFT_VERSION = 5.0;
				TARGETED_DEVICE_FAMILY = "1,2";
				TEST_TARGET_NAME = HesapMakinesi;
			};
			name = Debug;
		};
		AD88BAB02E72020F00188ECA /* Release */ = {
			isa = XCBuildConfiguration;
			buildSettings = {
				CODE_SIGN_STYLE = Automatic;
				CURRENT_PROJECT_VERSION = 1;
				DEVELOPMENT_TEAM = PPAZ3UN7PA;
				GENERATE_INFOPLIST_FILE = YES;
				MARKETING_VERSION = 1.0;
				PRODUCT_BUNDLE_IDENTIFIER = com.ardacakmak.HesapMakinesiUITests;
				PRODUCT_NAME = "$(TARGET_NAME)";
				SWIFT_EMIT_LOC_STRINGS = NO;
				SWIFT_VERSION = 5.0;
				TARGETED_DEVICE_FAMILY = "1,2";
				TEST_TARGET_NAME = HesapMakinesi;
			};
			name = Release;
		};
/* End XCBuildConfiguration section */

/* Begin XCConfigurationList section */
		AD88BA7F2E72020D00188ECA /* Build configuration list for PBXProject "HesapMakinesi" */ = {
			isa = XCConfigurationList;
			buildConfigurations = (
				AD88BAA62E72020F00188ECA /* Debug */,
				AD88BAA72E72020F00188ECA /* Release */,
			);
			defaultConfigurationIsVisible = 0;
			defaultConfigurationName = Release;
		};
		AD88BAA82E72020F00188ECA /* Build configuration list for PBXNativeTarget "HesapMakinesi" */ = {
			isa = XCConfigurationList;
			buildConfigurations = (
				AD88BAA92E72020F00188ECA /* Debug */,
				AD88BAAA2E72020F00188ECA /* Release */,
			);
			defaultConfigurationIsVisible = 0;
			defaultConfigurationName = Release;
		};
		AD88BAAB2E72020F00188ECA /* Build configuration list for PBXNativeTarget "HesapMakinesiTests" */ = {
			isa = XCConfigurationList;
			buildConfigurations = (
				AD88BAAC2E72020F00188ECA /* Debug */,
				AD88BAAD2E72020F00188ECA /* Release */,
			);
			defaultConfigurationIsVisible = 0;
			defaultConfigurationName = Release;
		};
		AD88BAAE2E72020F00188ECA /* Build configuration list for PBXNativeTarget "HesapMakinesiUITests" */ = {
			isa = XCConfigurationList;
			buildConfigurations = (
				AD88BAAF2E72020F00188ECA /* Debug */,
				AD88BAB02E72020F00188ECA /* Release */,
			);
			defaultConfigurationIsVisible = 0;
			defaultConfigurationName = Release;
		};
/* End XCConfigurationList section */
	};
	rootObject = AD88BA7C2E72020D00188ECA /* Project object */;
}
